{
    "_readme": [
        "This file locks the dependencies of your project to a known state",
        "Read more about it at https://getcomposer.org/doc/01-basic-usage.md#composer-lock-the-lock-file",
        "This file is @generated automatically"
    ],
    "content-hash": "55e70fe05568391580e39554793f6ff7",
    "packages": [
        {
            "name": "imangazaliev/didom",
            "version": "1.13",
            "source": {
                "type": "git",
                "url": "https://github.com/Imangazaliev/DiDOM.git",
                "reference": "10c4033d56e599f09183959ed90bf17519b9e38b"
            },
            "dist": {
                "type": "zip",
                "url": "https://files.phpcomposer.com/files/Imangazaliev/DiDOM/10c4033d56e599f09183959ed90bf17519b9e38b.zip",
                "reference": "10c4033d56e599f09183959ed90bf17519b9e38b",
                "shasum": ""
            },
            "require": {
                "php": ">=5.4"
            },
            "require-dev": {
                "phpunit/phpunit": "^4.8"
            },
            "type": "library",
            "autoload": {
                "psr-4": {
                    "DiDom\\": "src/DiDom/"
                }
            },
            "notification-url": "https://packagist.org/downloads/",
            "license": [
                "MIT"
            ],
            "authors": [
                {
                    "name": "Imangazaliev Muhammad",
                    "email": "imangazalievm@gmail.com"
                }
            ],
            "description": "Simple and fast HTML parser",
            "homepage": "https://github.com/Imangazaliev/DiDOM",
            "keywords": [
                "didom",
                "html",
                "parser",
                "xml"
            ],
            "time": "2017-12-08T15:20:07+00:00"
        },
        {
            "name": "malios/php-to-ascii-table",
            "version": "v1.0.1",
            "source": {
                "type": "git",
                "url": "https://github.com/malios/php-to-ascii-table.git",
                "reference": "cdabb1c694dffd2dbc3944fcaa62f4a1bb2f5e65"
            },
            "dist": {
                "type": "zip",
                "url": "https://files.phpcomposer.com/files/malios/php-to-ascii-table/cdabb1c694dffd2dbc3944fcaa62f4a1bb2f5e65.zip",
                "reference": "cdabb1c694dffd2dbc3944fcaa62f4a1bb2f5e65",
                "shasum": ""
            },
            "require": {
                "ext-mbstring": "*",
                "php": "^7",
                "php-ds/php-ds": "^1.1"
            },
            "require-dev": {
                "phpstan/phpstan": "^0.6.4",
                "phpunit/phpunit": "^6.0"
            },
            "type": "library",
            "autoload": {
                "psr-4": {
                    "AsciiTable\\": "src/"
                }
            },
            "notification-url": "https://packagist.org/downloads/",
            "license": [
                "MIT"
            ],
            "authors": [
                {
                    "name": "Mehmed Aliosman",
                    "email": "dev.mehmed.aliosman@gmail.com"
                }
            ],
            "description": "A PHP library to generate plain text tables.",
            "keywords": [
                "ascii",
                "php",
                "plain text table",
                "table"
            ],
            "time": "2017-04-01T16:37:32+00:00"
        },
        {
            "name": "php-ds/php-ds",
            "version": "v1.2.0",
            "source": {
                "type": "git",
                "url": "https://github.com/php-ds/polyfill.git",
                "reference": "27bed3897f9c801604f5bdcb65b71eb61ec80099"
            },
            "dist": {
                "type": "zip",
                "url": "https://files.phpcomposer.com/files/php-ds/polyfill/27bed3897f9c801604f5bdcb65b71eb61ec80099.zip",
                "reference": "27bed3897f9c801604f5bdcb65b71eb61ec80099",
                "shasum": ""
            },
            "require": {
                "php": ">=7.0.0"
            },
            "require-dev": {
                "php-ds/tests": "^1.2"
            },
            "suggest": {
                "ext-ds": "to improve performance and reduce memory usage"
            },
            "type": "library",
            "autoload": {
                "psr-4": {
                    "Ds\\": "src"
                }
            },
            "notification-url": "https://packagist.org/downloads/",
            "license": [
                "MIT"
            ],
            "authors": [
                {
                    "name": "Rudi Theunissen",
                    "email": "rudolf.theunissen@gmail.com"
                }
            ],
            "keywords": [
                "data structures",
                "ds",
                "php",
                "polyfill"
            ],
            "time": "2017-08-03T02:03:34+00:00"
        }
    ],
    "packages-dev": [],
    "aliases": [],
    "minimum-stability": "stable",
    "stability-flags": [],
    "prefer-stable": false,
    "prefer-lowest": false,
    "platform": [],
    "platform-dev": []
}
